github.com/ebitengine/purego v0.10.1 h1:dewVBCBT2GaMu1SrNTYxQhgQBethzfhiwvZiLGP/qyY=
github.com/ebitengine/purego v0.10.1/go.mod h1:iIjxzd6CiRiOG0UyXP+V1+jWqUXVjPKLAI0mRfJZTmQ=
github.com/gogpu/naga v0.17.15 h1:uyy4bc8wYlvDaYOpmCBYrJ+d+e7ZqP2BN36csmRVs7o=
github.com/gogpu/naga v0.17.15/go.mod h1:15sQaHKkbqXcwTN+hHYGLsA0WBBnkmYzne/eF5p5WEg=
